
Microsoft Visual Studio Solution File, Format Version 12.00
# Visual Studio 15
VisualStudioVersion = 15.0.26124.0
MinimumVisualStudioVersion = 15.0.26124.0
Project("{FAE04EC0-301F-11D3-BF4B-00C04F79EFBC}") = "LambdaExample", "LambdaExample\LambdaExample.csproj", "{641CFAE5-CB9A-4C0A-978C-76A1F0CC6D8D}"
EndProject
Project("{FAE04EC0-301F-11D3-BF4B-00C04F79EFBC}") = "LambdaMomentoHandler", "..\LambdaMomentoExample\LambdaMomentoHandler\src\LambdaMomentoHandler\LambdaMomentoHandler.csproj", "{D6EF2354-5C0F-4DA3-8C52-60500FC91A7C}"
EndProject
Global
	GlobalSection(SolutionConfigurationPlatforms) = preSolution
		Debug|Any CPU = Debug|Any CPU
		Debug|x64 = Debug|x64
		Debug|x86 = Debug|x86
		Release|Any CPU = Release|Any CPU
		Release|x64 = Release|x64
		Release|x86 = Release|x86
	EndGlobalSection
	GlobalSection(SolutionProperties) = preSolution
		HideSolutionNode = FALSE
	EndGlobalSection
	GlobalSection(ProjectConfigurationPlatforms) = postSolution
		{641CFAE5-CB9A-4C0A-978C-76A1F0CC6D8D}.Debug|Any CPU.ActiveCfg = Debug|Any CPU
		{641CFAE5-CB9A-4C0A-978C-76A1F0CC6D8D}.Debug|Any CPU.Build.0 = Debug|Any CPU
		{641CFAE5-CB9A-4C0A-978C-76A1F0CC6D8D}.Debug|x64.ActiveCfg = Debug|Any CPU
		{641CFAE5-CB9A-4C0A-978C-76A1F0CC6D8D}.Debug|x64.Build.0 = Debug|Any CPU
		{641CFAE5-CB9A-4C0A-978C-76A1F0CC6D8D}.Debug|x86.ActiveCfg = Debug|Any CPU
		{641CFAE5-CB9A-4C0A-978C-76A1F0CC6D8D}.Debug|x86.Build.0 = Debug|Any CPU
		{641CFAE5-CB9A-4C0A-978C-76A1F0CC6D8D}.Release|Any CPU.ActiveCfg = Release|Any CPU
		{641CFAE5-CB9A-4C0A-978C-76A1F0CC6D8D}.Release|Any CPU.Build.0 = Release|Any CPU
		{641CFAE5-CB9A-4C0A-978C-76A1F0CC6D8D}.Release|x64.ActiveCfg = Release|Any CPU
		{641CFAE5-CB9A-4C0A-978C-76A1F0CC6D8D}.Release|x64.Build.0 = Release|Any CPU
		{641CFAE5-CB9A-4C0A-978C-76A1F0CC6D8D}.Release|x86.ActiveCfg = Release|Any CPU
		{641CFAE5-CB9A-4C0A-978C-76A1F0CC6D8D}.Release|x86.Build.0 = Release|Any CPU
		{D6EF2354-5C0F-4DA3-8C52-60500FC91A7C}.Debug|Any CPU.ActiveCfg = Debug|Any CPU
		{D6EF2354-5C0F-4DA3-8C52-60500FC91A7C}.Debug|Any CPU.Build.0 = Debug|Any CPU
		{D6EF2354-5C0F-4DA3-8C52-60500FC91A7C}.Debug|x64.ActiveCfg = Debug|Any CPU
		{D6EF2354-5C0F-4DA3-8C52-60500FC91A7C}.Debug|x64.Build.0 = Debug|Any CPU
		{D6EF2354-5C0F-4DA3-8C52-60500FC91A7C}.Debug|x86.ActiveCfg = Debug|Any CPU
		{D6EF2354-5C0F-4DA3-8C52-60500FC91A7C}.Debug|x86.Build.0 = Debug|Any CPU
		{D6EF2354-5C0F-4DA3-8C52-60500FC91A7C}.Release|Any CPU.ActiveCfg = Release|Any CPU
		{D6EF2354-5C0F-4DA3-8C52-60500FC91A7C}.Release|Any CPU.Build.0 = Release|Any CPU
		{D6EF2354-5C0F-4DA3-8C52-60500FC91A7C}.Release|x64.ActiveCfg = Release|Any CPU
		{D6EF2354-5C0F-4DA3-8C52-60500FC91A7C}.Release|x64.Build.0 = Release|Any CPU
		{D6EF2354-5C0F-4DA3-8C52-60500FC91A7C}.Release|x86.ActiveCfg = Release|Any CPU
		{D6EF2354-5C0F-4DA3-8C52-60500FC91A7C}.Release|x86.Build.0 = Release|Any CPU
	EndGlobalSection
EndGlobal
