
Microsoft Visual Studio Solution File, Format Version 12.00
# Visual Studio Version 16
VisualStudioVersion = 16.0.810.11
MinimumVisualStudioVersion = 10.0.40219.1
Project("{FAE04EC0-301F-11D3-BF4B-00C04F79EFBC}") = "MomentoSdkDotnet45", "Momento\MomentoSdkDotnet45.csproj", "{188A76AD-422A-4829-B59F-9EC1C102EA38}"
EndProject
Project("{FAE04EC0-301F-11D3-BF4B-00C04F79EFBC}") = "MomentoTest", "MomentoTest\MomentoTest.csproj", "{77C34767-7796-4842-BE75-20563DB3230A}"
EndProject
Global
	GlobalSection(SolutionConfigurationPlatforms) = preSolution
		Debug|Any CPU = Debug|Any CPU
		Release|Any CPU = Release|Any CPU
	EndGlobalSection
	GlobalSection(ProjectConfigurationPlatforms) = postSolution
		{188A76AD-422A-4829-B59F-9EC1C102EA38}.Debug|Any CPU.ActiveCfg = Debug|Any CPU
		{188A76AD-422A-4829-B59F-9EC1C102EA38}.Debug|Any CPU.Build.0 = Debug|Any CPU
		{188A76AD-422A-4829-B59F-9EC1C102EA38}.Release|Any CPU.ActiveCfg = Release|Any CPU
		{188A76AD-422A-4829-B59F-9EC1C102EA38}.Release|Any CPU.Build.0 = Release|Any CPU
		{77C34767-7796-4842-BE75-20563DB3230A}.Debug|Any CPU.ActiveCfg = Debug|Any CPU
		{77C34767-7796-4842-BE75-20563DB3230A}.Debug|Any CPU.Build.0 = Debug|Any CPU
		{77C34767-7796-4842-BE75-20563DB3230A}.Release|Any CPU.ActiveCfg = Release|Any CPU
		{77C34767-7796-4842-BE75-20563DB3230A}.Release|Any CPU.Build.0 = Release|Any CPU
		{FB56314E-BDCF-474A-A2CD-8956934FF11B}.Debug|Any CPU.ActiveCfg = Debug|Any CPU
		{FB56314E-BDCF-474A-A2CD-8956934FF11B}.Debug|Any CPU.Build.0 = Debug|Any CPU
		{FB56314E-BDCF-474A-A2CD-8956934FF11B}.Release|Any CPU.ActiveCfg = Release|Any CPU
		{FB56314E-BDCF-474A-A2CD-8956934FF11B}.Release|Any CPU.Build.0 = Release|Any CPU
	EndGlobalSection
	GlobalSection(SolutionProperties) = preSolution
		HideSolutionNode = FALSE
	EndGlobalSection
	GlobalSection(ExtensibilityGlobals) = postSolution
		SolutionGuid = {4A2979F2-C61A-493A-9572-26AA07BF7932}
	EndGlobalSection
EndGlobal
