
Microsoft Visual Studio Solution File, Format Version 12.00
# Visual Studio Version 16
VisualStudioVersion = 16.0.810.11
MinimumVisualStudioVersion = 10.0.40219.1
Project("{FAE04EC0-301F-11D3-BF4B-00C04F79EFBC}") = "MomentoApplication", "MomentoApplication\MomentoApplication.csproj", "{269830D5-AD7E-4527-A625-38C6464659D4}"
EndProject
Project("{F2A71F9B-5D33-465A-A702-920D77279786}") = "MomentoFSharpApplication", "MomentoFSharpApplication\MomentoFSharpApplication.fsproj", "{68EAA822-06A9-45CE-BCE0-9A1754F5450C}"
EndProject
Project("{FAE04EC0-301F-11D3-BF4B-00C04F79EFBC}") = "MomentoLoadGen", "MomentoLoadGen\MomentoLoadGen.csproj", "{307C0F57-D39C-461C-8F18-4E78DDD1BEFF}"
EndProject
Project("{FAE04EC0-301F-11D3-BF4B-00C04F79EFBC}") = "Momento.Sdk", "..\src\Momento.Sdk\Momento.Sdk.csproj", "{FD3766CE-E65C-4DFE-A54A-E00C0C9D3AAB}"
EndProject
Global
	GlobalSection(SolutionConfigurationPlatforms) = preSolution
		Debug|Any CPU = Debug|Any CPU
		Release|Any CPU = Release|Any CPU
	EndGlobalSection
	GlobalSection(ProjectConfigurationPlatforms) = postSolution
		{269830D5-AD7E-4527-A625-38C6464659D4}.Debug|Any CPU.ActiveCfg = Debug|Any CPU
		{269830D5-AD7E-4527-A625-38C6464659D4}.Debug|Any CPU.Build.0 = Debug|Any CPU
		{269830D5-AD7E-4527-A625-38C6464659D4}.Release|Any CPU.ActiveCfg = Release|Any CPU
		{269830D5-AD7E-4527-A625-38C6464659D4}.Release|Any CPU.Build.0 = Release|Any CPU
		{68EAA822-06A9-45CE-BCE0-9A1754F5450C}.Debug|Any CPU.ActiveCfg = Debug|Any CPU
		{68EAA822-06A9-45CE-BCE0-9A1754F5450C}.Debug|Any CPU.Build.0 = Debug|Any CPU
		{68EAA822-06A9-45CE-BCE0-9A1754F5450C}.Release|Any CPU.ActiveCfg = Release|Any CPU
		{68EAA822-06A9-45CE-BCE0-9A1754F5450C}.Release|Any CPU.Build.0 = Release|Any CPU
		{307C0F57-D39C-461C-8F18-4E78DDD1BEFF}.Debug|Any CPU.ActiveCfg = Debug|Any CPU
		{307C0F57-D39C-461C-8F18-4E78DDD1BEFF}.Debug|Any CPU.Build.0 = Debug|Any CPU
		{307C0F57-D39C-461C-8F18-4E78DDD1BEFF}.Release|Any CPU.ActiveCfg = Release|Any CPU
		{307C0F57-D39C-461C-8F18-4E78DDD1BEFF}.Release|Any CPU.Build.0 = Release|Any CPU
		{FD3766CE-E65C-4DFE-A54A-E00C0C9D3AAB}.Debug|Any CPU.ActiveCfg = Debug|Any CPU
		{FD3766CE-E65C-4DFE-A54A-E00C0C9D3AAB}.Debug|Any CPU.Build.0 = Debug|Any CPU
		{FD3766CE-E65C-4DFE-A54A-E00C0C9D3AAB}.Release|Any CPU.ActiveCfg = Release|Any CPU
		{FD3766CE-E65C-4DFE-A54A-E00C0C9D3AAB}.Release|Any CPU.Build.0 = Release|Any CPU
	EndGlobalSection
	GlobalSection(SolutionProperties) = preSolution
		HideSolutionNode = FALSE
	EndGlobalSection
	GlobalSection(ExtensibilityGlobals) = postSolution
		SolutionGuid = {000D04D9-1F52-4312-9B6D-B8F04A77A155}
	EndGlobalSection
EndGlobal
