
Microsoft Visual Studio Solution File, Format Version 12.00
# Visual Studio 15
VisualStudioVersion = 15.0.26124.0
MinimumVisualStudioVersion = 15.0.26124.0
Project("{FAE04EC0-301F-11D3-BF4B-00C04F79EFBC}") = "MomentoLambdaExample", "MomentoLambdaExample\MomentoLambdaExample.csproj", "{ED03731A-32CF-436F-93B6-7BD16EDB667B}"
EndProject
Project("{FAE04EC0-301F-11D3-BF4B-00C04F79EFBC}") = "MomentoLambdaExampleHandler1", "..\MomentoLambdaExampleHandler1\src\MomentoLambdaExampleHandler1\MomentoLambdaExampleHandler1.csproj", "{C4D3B122-BF10-4845-9659-ACC8B7EC25ED}"
EndProject
Global
	GlobalSection(SolutionConfigurationPlatforms) = preSolution
		Debug|Any CPU = Debug|Any CPU
		Debug|x64 = Debug|x64
		Debug|x86 = Debug|x86
		Release|Any CPU = Release|Any CPU
		Release|x64 = Release|x64
		Release|x86 = Release|x86
	EndGlobalSection
	GlobalSection(SolutionProperties) = preSolution
		HideSolutionNode = FALSE
	EndGlobalSection
	GlobalSection(ProjectConfigurationPlatforms) = postSolution
		{ED03731A-32CF-436F-93B6-7BD16EDB667B}.Debug|Any CPU.ActiveCfg = Debug|Any CPU
		{ED03731A-32CF-436F-93B6-7BD16EDB667B}.Debug|Any CPU.Build.0 = Debug|Any CPU
		{ED03731A-32CF-436F-93B6-7BD16EDB667B}.Debug|x64.ActiveCfg = Debug|Any CPU
		{ED03731A-32CF-436F-93B6-7BD16EDB667B}.Debug|x64.Build.0 = Debug|Any CPU
		{ED03731A-32CF-436F-93B6-7BD16EDB667B}.Debug|x86.ActiveCfg = Debug|Any CPU
		{ED03731A-32CF-436F-93B6-7BD16EDB667B}.Debug|x86.Build.0 = Debug|Any CPU
		{ED03731A-32CF-436F-93B6-7BD16EDB667B}.Release|Any CPU.ActiveCfg = Release|Any CPU
		{ED03731A-32CF-436F-93B6-7BD16EDB667B}.Release|Any CPU.Build.0 = Release|Any CPU
		{ED03731A-32CF-436F-93B6-7BD16EDB667B}.Release|x64.ActiveCfg = Release|Any CPU
		{ED03731A-32CF-436F-93B6-7BD16EDB667B}.Release|x64.Build.0 = Release|Any CPU
		{ED03731A-32CF-436F-93B6-7BD16EDB667B}.Release|x86.ActiveCfg = Release|Any CPU
		{ED03731A-32CF-436F-93B6-7BD16EDB667B}.Release|x86.Build.0 = Release|Any CPU
		{C4D3B122-BF10-4845-9659-ACC8B7EC25ED}.Debug|Any CPU.ActiveCfg = Debug|Any CPU
		{C4D3B122-BF10-4845-9659-ACC8B7EC25ED}.Debug|Any CPU.Build.0 = Debug|Any CPU
		{C4D3B122-BF10-4845-9659-ACC8B7EC25ED}.Debug|x64.ActiveCfg = Debug|Any CPU
		{C4D3B122-BF10-4845-9659-ACC8B7EC25ED}.Debug|x64.Build.0 = Debug|Any CPU
		{C4D3B122-BF10-4845-9659-ACC8B7EC25ED}.Debug|x86.ActiveCfg = Debug|Any CPU
		{C4D3B122-BF10-4845-9659-ACC8B7EC25ED}.Debug|x86.Build.0 = Debug|Any CPU
		{C4D3B122-BF10-4845-9659-ACC8B7EC25ED}.Release|Any CPU.ActiveCfg = Release|Any CPU
		{C4D3B122-BF10-4845-9659-ACC8B7EC25ED}.Release|Any CPU.Build.0 = Release|Any CPU
		{C4D3B122-BF10-4845-9659-ACC8B7EC25ED}.Release|x64.ActiveCfg = Release|Any CPU
		{C4D3B122-BF10-4845-9659-ACC8B7EC25ED}.Release|x64.Build.0 = Release|Any CPU
		{C4D3B122-BF10-4845-9659-ACC8B7EC25ED}.Release|x86.ActiveCfg = Release|Any CPU
		{C4D3B122-BF10-4845-9659-ACC8B7EC25ED}.Release|x86.Build.0 = Release|Any CPU
	EndGlobalSection
EndGlobal
